
Microsoft Visual Studio Solution File, Format Version 12.00
# Visual Studio Version 17
VisualStudioVersion = 17.5.002.0
MinimumVisualStudioVersion = 10.0.40219.1
Project("{9A19103F-16F7-4668-BE54-9A1E7A4F7556}") = "055-UseCase-Webhook", "055-UseCase-Webhook.csproj", "{B5E2FB05-2AF1-42E1-84B8-9B9AC8D309AC}"
EndProject
Global
	GlobalSection(SolutionConfigurationPlatforms) = preSolution
		Debug|Any CPU = Debug|Any CPU
		Release|Any CPU = Release|Any CPU
	EndGlobalSection
	GlobalSection(ProjectConfigurationPlatforms) = postSolution
		{B5E2FB05-2AF1-42E1-84B8-9B9AC8D309AC}.Debug|Any CPU.ActiveCfg = Debug|Any CPU
		{B5E2FB05-2AF1-42E1-84B8-9B9AC8D309AC}.Debug|Any CPU.Build.0 = Debug|Any CPU
		{B5E2FB05-2AF1-42E1-84B8-9B9AC8D309AC}.Release|Any CPU.ActiveCfg = Release|Any CPU
		{B5E2FB05-2AF1-42E1-84B8-9B9AC8D309AC}.Release|Any CPU.Build.0 = Release|Any CPU
	EndGlobalSection
	GlobalSection(SolutionProperties) = preSolution
		HideSolutionNode = FALSE
	EndGlobalSection
	GlobalSection(ExtensibilityGlobals) = postSolution
		SolutionGuid = {A46F325B-A406-4049-8ABC-A8349CAD00C0}
	EndGlobalSection
EndGlobal
