
Microsoft Visual Studio Solution File, Format Version 12.00
# Visual Studio Version 17
VisualStudioVersion = 17.5.002.0
MinimumVisualStudioVersion = 10.0.40219.1
Project("{9A19103F-16F7-4668-BE54-9A1E7A4F7556}") = "054-UseCase-SystemAssignedIdentity", "054-UseCase-SystemAssignedIdentity.csproj", "{671A0B8D-8ACE-4433-A580-9C32CF245DAC}"
EndProject
Global
	GlobalSection(SolutionConfigurationPlatforms) = preSolution
		Debug|Any CPU = Debug|Any CPU
		Release|Any CPU = Release|Any CPU
	EndGlobalSection
	GlobalSection(ProjectConfigurationPlatforms) = postSolution
		{671A0B8D-8ACE-4433-A580-9C32CF245DAC}.Debug|Any CPU.ActiveCfg = Debug|Any CPU
		{671A0B8D-8ACE-4433-A580-9C32CF245DAC}.Debug|Any CPU.Build.0 = Debug|Any CPU
		{671A0B8D-8ACE-4433-A580-9C32CF245DAC}.Release|Any CPU.ActiveCfg = Release|Any CPU
		{671A0B8D-8ACE-4433-A580-9C32CF245DAC}.Release|Any CPU.Build.0 = Release|Any CPU
	EndGlobalSection
	GlobalSection(SolutionProperties) = preSolution
		HideSolutionNode = FALSE
	EndGlobalSection
	GlobalSection(ExtensibilityGlobals) = postSolution
		SolutionGuid = {CC3B1465-F873-4BE4-B95B-29D8CA98A755}
	EndGlobalSection
EndGlobal
